
Microsoft Visual Studio Solution File, Format Version 12.00
# Visual Studio 15
VisualStudioVersion = 15.0.27703.2035
MinimumVisualStudioVersion = 10.0.40219.1
Project("{FAE04EC0-301F-11D3-BF4B-00C04F79EFBC}") = "ClinicManager", "ClinicManager\ClinicManager.csproj", "{87908333-CEC0-4846-9E04-9B6C77E9C0D6}"
EndProject
Project("{FAE04EC0-301F-11D3-BF4B-00C04F79EFBC}") = "tests", "tests\tests.csproj", "{C5AB363A-B4A8-4EEF-A52F-D08582056DBB}"
EndProject
Global
	GlobalSection(SolutionConfigurationPlatforms) = preSolution
		Debug|Any CPU = Debug|Any CPU
		Release|Any CPU = Release|Any CPU
	EndGlobalSection
	GlobalSection(ProjectConfigurationPlatforms) = postSolution
		{87908333-CEC0-4846-9E04-9B6C77E9C0D6}.Debug|Any CPU.ActiveCfg = Debug|Any CPU
		{87908333-CEC0-4846-9E04-9B6C77E9C0D6}.Debug|Any CPU.Build.0 = Debug|Any CPU
		{87908333-CEC0-4846-9E04-9B6C77E9C0D6}.Release|Any CPU.ActiveCfg = Release|Any CPU
		{87908333-CEC0-4846-9E04-9B6C77E9C0D6}.Release|Any CPU.Build.0 = Release|Any CPU
		{C5AB363A-B4A8-4EEF-A52F-D08582056DBB}.Debug|Any CPU.ActiveCfg = Debug|Any CPU
		{C5AB363A-B4A8-4EEF-A52F-D08582056DBB}.Debug|Any CPU.Build.0 = Debug|Any CPU
		{C5AB363A-B4A8-4EEF-A52F-D08582056DBB}.Release|Any CPU.ActiveCfg = Release|Any CPU
		{C5AB363A-B4A8-4EEF-A52F-D08582056DBB}.Release|Any CPU.Build.0 = Release|Any CPU
	EndGlobalSection
	GlobalSection(SolutionProperties) = preSolution
		HideSolutionNode = FALSE
	EndGlobalSection
	GlobalSection(ExtensibilityGlobals) = postSolution
		SolutionGuid = {ECB6BF1A-F943-42B7-8B4E-17AC421DC38F}
	EndGlobalSection
EndGlobal
